
Microsoft Visual Studio Solution File, Format Version 12.00
# Visual Studio Version 17
VisualStudioVersion = 17.0.31903.59
MinimumVisualStudioVersion = 10.0.40219.1
Project("{FAE04EC0-301F-11D3-BF4B-00C04F79EFBC}") = "AnsiWordCounterApp", "AnsiWordCounterApp.csproj", "{FAFCB04B-DB16-45A9-A868-0215736B6A92}"
EndProject
Global
	GlobalSection(SolutionConfigurationPlatforms) = preSolution
		Debug|Any CPU = Debug|Any CPU
		Release|Any CPU = Release|Any CPU
	EndGlobalSection
	GlobalSection(ProjectConfigurationPlatforms) = postSolution
		{FAFCB04B-DB16-45A9-A868-0215736B6A92}.Debug|Any CPU.ActiveCfg = Debug|Any CPU
		{FAFCB04B-DB16-45A9-A868-0215736B6A92}.Debug|Any CPU.Build.0 = Debug|Any CPU
		{FAFCB04B-DB16-45A9-A868-0215736B6A92}.Release|Any CPU.ActiveCfg = Release|Any CPU
		{FAFCB04B-DB16-45A9-A868-0215736B6A92}.Release|Any CPU.Build.0 = Release|Any CPU
	EndGlobalSection
	GlobalSection(SolutionProperties) = preSolution
		HideSolutionNode = FALSE
	EndGlobalSection
	GlobalSection(ExtensibilityGlobals) = postSolution
		SolutionGuid = {C1E548F4-0E83-490E-A830-3E3FA7570576}
	EndGlobalSection
EndGlobal
